
Microsoft Visual Studio Solution File, Format Version 12.00
# Visual Studio Version 17
VisualStudioVersion = 17.10.35013.160
MinimumVisualStudioVersion = 10.0.40219.1
Project("{FAE04EC0-301F-11D3-BF4B-00C04F79EFBC}") = "Bài tập lớn", "Bài tập lớn\Bài tập lớn.csproj", "{451F0DDD-E443-46F7-AFD8-6BE9FE1206BF}"
EndProject
Global
	GlobalSection(SolutionConfigurationPlatforms) = preSolution
		Debug|Any CPU = Debug|Any CPU
		Release|Any CPU = Release|Any CPU
	EndGlobalSection
	GlobalSection(ProjectConfigurationPlatforms) = postSolution
		{451F0DDD-E443-46F7-AFD8-6BE9FE1206BF}.Debug|Any CPU.ActiveCfg = Debug|Any CPU
		{451F0DDD-E443-46F7-AFD8-6BE9FE1206BF}.Debug|Any CPU.Build.0 = Debug|Any CPU
		{451F0DDD-E443-46F7-AFD8-6BE9FE1206BF}.Release|Any CPU.ActiveCfg = Release|Any CPU
		{451F0DDD-E443-46F7-AFD8-6BE9FE1206BF}.Release|Any CPU.Build.0 = Release|Any CPU
	EndGlobalSection
	GlobalSection(SolutionProperties) = preSolution
		HideSolutionNode = FALSE
	EndGlobalSection
	GlobalSection(ExtensibilityGlobals) = postSolution
		SolutionGuid = {0429F04B-73AD-4559-9771-B2AE2C1F2736}
	EndGlobalSection
EndGlobal
